
Microsoft Visual Studio Solution File, Format Version 12.00
# Visual Studio Version 17
VisualStudioVersion = 17.6.33723.286
MinimumVisualStudioVersion = 10.0.40219.1
Project("{FAE04EC0-301F-11D3-BF4B-00C04F79EFBC}") = "lr2", "lr2\lr2.csproj", "{622AE10D-5755-4F04-888B-7B475E8776DB}"
EndProject
Global
	GlobalSection(SolutionConfigurationPlatforms) = preSolution
		Debug|Any CPU = Debug|Any CPU
		Release|Any CPU = Release|Any CPU
	EndGlobalSection
	GlobalSection(ProjectConfigurationPlatforms) = postSolution
		{622AE10D-5755-4F04-888B-7B475E8776DB}.Debug|Any CPU.ActiveCfg = Debug|Any CPU
		{622AE10D-5755-4F04-888B-7B475E8776DB}.Debug|Any CPU.Build.0 = Debug|Any CPU
		{622AE10D-5755-4F04-888B-7B475E8776DB}.Release|Any CPU.ActiveCfg = Release|Any CPU
		{622AE10D-5755-4F04-888B-7B475E8776DB}.Release|Any CPU.Build.0 = Release|Any CPU
	EndGlobalSection
	GlobalSection(SolutionProperties) = preSolution
		HideSolutionNode = FALSE
	EndGlobalSection
	GlobalSection(ExtensibilityGlobals) = postSolution
		SolutionGuid = {2BF33230-F20D-47C0-970C-1E38A6D9271D}
	EndGlobalSection
EndGlobal
